
Microsoft Visual Studio Solution File, Format Version 12.00
# Visual Studio 15
VisualStudioVersion = 15.0.28307.1022
MinimumVisualStudioVersion = 10.0.40219.1
Project("{FAE04EC0-301F-11D3-BF4B-00C04F79EFBC}") = "OReilly", "OReilly\OReilly.csproj", "{6BC31DDD-6721-4158-88F1-9745C3216F10}"
EndProject
Project("{FAE04EC0-301F-11D3-BF4B-00C04F79EFBC}") = "UnitTestOReilly", "UnitTestOReilly\UnitTestOReilly.csproj", "{2FC708F0-C5DB-4662-9C7C-E91422FB76FA}"
EndProject
Project("{FAE04EC0-301F-11D3-BF4B-00C04F79EFBC}") = "UsingControllers", "UsingControllers\UsingControllers.csproj", "{272BC7CB-350F-4354-AA95-16F0E53C43C4}"
EndProject
Project("{FAE04EC0-301F-11D3-BF4B-00C04F79EFBC}") = "HostingOReillyService", "HostingOReillyService\HostingOReillyService.csproj", "{D9F51196-E485-4D43-9F89-998E3B1741E3}"
EndProject
Global
	GlobalSection(SolutionConfigurationPlatforms) = preSolution
		Debug|Any CPU = Debug|Any CPU
		Release|Any CPU = Release|Any CPU
	EndGlobalSection
	GlobalSection(ProjectConfigurationPlatforms) = postSolution
		{6BC31DDD-6721-4158-88F1-9745C3216F10}.Debug|Any CPU.ActiveCfg = Debug|Any CPU
		{6BC31DDD-6721-4158-88F1-9745C3216F10}.Debug|Any CPU.Build.0 = Debug|Any CPU
		{6BC31DDD-6721-4158-88F1-9745C3216F10}.Release|Any CPU.ActiveCfg = Release|Any CPU
		{6BC31DDD-6721-4158-88F1-9745C3216F10}.Release|Any CPU.Build.0 = Release|Any CPU
		{2FC708F0-C5DB-4662-9C7C-E91422FB76FA}.Debug|Any CPU.ActiveCfg = Debug|Any CPU
		{2FC708F0-C5DB-4662-9C7C-E91422FB76FA}.Debug|Any CPU.Build.0 = Debug|Any CPU
		{2FC708F0-C5DB-4662-9C7C-E91422FB76FA}.Release|Any CPU.ActiveCfg = Release|Any CPU
		{2FC708F0-C5DB-4662-9C7C-E91422FB76FA}.Release|Any CPU.Build.0 = Release|Any CPU
		{272BC7CB-350F-4354-AA95-16F0E53C43C4}.Debug|Any CPU.ActiveCfg = Debug|Any CPU
		{272BC7CB-350F-4354-AA95-16F0E53C43C4}.Debug|Any CPU.Build.0 = Debug|Any CPU
		{272BC7CB-350F-4354-AA95-16F0E53C43C4}.Release|Any CPU.ActiveCfg = Release|Any CPU
		{272BC7CB-350F-4354-AA95-16F0E53C43C4}.Release|Any CPU.Build.0 = Release|Any CPU
		{D9F51196-E485-4D43-9F89-998E3B1741E3}.Debug|Any CPU.ActiveCfg = Debug|Any CPU
		{D9F51196-E485-4D43-9F89-998E3B1741E3}.Debug|Any CPU.Build.0 = Debug|Any CPU
		{D9F51196-E485-4D43-9F89-998E3B1741E3}.Release|Any CPU.ActiveCfg = Release|Any CPU
		{D9F51196-E485-4D43-9F89-998E3B1741E3}.Release|Any CPU.Build.0 = Release|Any CPU
	EndGlobalSection
	GlobalSection(SolutionProperties) = preSolution
		HideSolutionNode = FALSE
	EndGlobalSection
	GlobalSection(ExtensibilityGlobals) = postSolution
		SolutionGuid = {ECB70920-4DBB-4985-BF26-8DC0EBD23BA4}
	EndGlobalSection
EndGlobal
